
Microsoft Visual Studio Solution File, Format Version 12.00
# Visual Studio Version 16
VisualStudioVersion = 16.0.32901.82
MinimumVisualStudioVersion = 10.0.40219.1
Project("{8BC9CEB8-8B4A-11D0-8D11-00A0C91BC942}") = "ConsoleApplication4", "ConsoleApplication4\ConsoleApplication4.vcxproj", "{217AE05B-30D6-4E02-BFDC-332DA0EE03FD}"
EndProject
Global
	GlobalSection(SolutionConfigurationPlatforms) = preSolution
		Debug|x64 = Debug|x64
		Debug|x86 = Debug|x86
		Release|x64 = Release|x64
		Release|x86 = Release|x86
	EndGlobalSection
	GlobalSection(ProjectConfigurationPlatforms) = postSolution
		{217AE05B-30D6-4E02-BFDC-332DA0EE03FD}.Debug|x64.ActiveCfg = Debug|x64
		{217AE05B-30D6-4E02-BFDC-332DA0EE03FD}.Debug|x64.Build.0 = Debug|x64
		{217AE05B-30D6-4E02-BFDC-332DA0EE03FD}.Debug|x86.ActiveCfg = Debug|Win32
		{217AE05B-30D6-4E02-BFDC-332DA0EE03FD}.Debug|x86.Build.0 = Debug|Win32
		{217AE05B-30D6-4E02-BFDC-332DA0EE03FD}.Release|x64.ActiveCfg = Release|x64
		{217AE05B-30D6-4E02-BFDC-332DA0EE03FD}.Release|x64.Build.0 = Release|x64
		{217AE05B-30D6-4E02-BFDC-332DA0EE03FD}.Release|x86.ActiveCfg = Release|Win32
		{217AE05B-30D6-4E02-BFDC-332DA0EE03FD}.Release|x86.Build.0 = Release|Win32
	EndGlobalSection
	GlobalSection(SolutionProperties) = preSolution
		HideSolutionNode = FALSE
	EndGlobalSection
	GlobalSection(ExtensibilityGlobals) = postSolution
		SolutionGuid = {8737463A-A06C-4158-B1C4-0296FDA22377}
	EndGlobalSection
EndGlobal
